
Microsoft Visual Studio Solution File, Format Version 12.00
# Visual Studio Version 16
VisualStudioVersion = 16.0.30320.27
MinimumVisualStudioVersion = 10.0.40219.1
Project("{FAE04EC0-301F-11D3-BF4B-00C04F79EFBC}") = "SimpleCalculator", "SimpleCalculator.csproj", "{1466EC10-E9D2-4F5A-A72E-9C6E54FEE1B4}"
EndProject
Global
	GlobalSection(SolutionConfigurationPlatforms) = preSolution
		Debug|Any CPU = Debug|Any CPU
		Release|Any CPU = Release|Any CPU
	EndGlobalSection
	GlobalSection(ProjectConfigurationPlatforms) = postSolution
		{1466EC10-E9D2-4F5A-A72E-9C6E54FEE1B4}.Debug|Any CPU.ActiveCfg = Debug|Any CPU
		{1466EC10-E9D2-4F5A-A72E-9C6E54FEE1B4}.Debug|Any CPU.Build.0 = Debug|Any CPU
		{1466EC10-E9D2-4F5A-A72E-9C6E54FEE1B4}.Release|Any CPU.ActiveCfg = Release|Any CPU
		{1466EC10-E9D2-4F5A-A72E-9C6E54FEE1B4}.Release|Any CPU.Build.0 = Release|Any CPU
	EndGlobalSection
	GlobalSection(SolutionProperties) = preSolution
		HideSolutionNode = FALSE
	EndGlobalSection
	GlobalSection(ExtensibilityGlobals) = postSolution
		SolutionGuid = {6350A848-08A0-4DE1-906C-E72CE330C9DF}
	EndGlobalSection
EndGlobal
